{
  "object": {
    "pins": [
      {
        "package": "Swifter",
        "repositoryURL": "https://github.com/httpswift/swifter.git",
        "state": {
          "branch": null,
          "revision": "c6d8ea04c7b5f00e7f688cff52100ecc8139f18a",
          "version": "1.4.0"
        }
      }
    ]
  },
  "version": 1
}
